
Microsoft Visual Studio Solution File, Format Version 12.00
# Visual Studio Version 16
VisualStudioVersion = 16.0.29911.84
MinimumVisualStudioVersion = 10.0.40219.1
Project("{FAE04EC0-301F-11D3-BF4B-00C04F79EFBC}") = "WeatherPockmonTest", "WeatherPockmonTest\WeatherPockmonTest.csproj", "{C58ED06E-FD36-4026-8789-3F7179EDA5D6}"
EndProject
Global
	GlobalSection(SolutionConfigurationPlatforms) = preSolution
		Debug|Any CPU = Debug|Any CPU
		Release|Any CPU = Release|Any CPU
	EndGlobalSection
	GlobalSection(ProjectConfigurationPlatforms) = postSolution
		{C58ED06E-FD36-4026-8789-3F7179EDA5D6}.Debug|Any CPU.ActiveCfg = Debug|Any CPU
		{C58ED06E-FD36-4026-8789-3F7179EDA5D6}.Debug|Any CPU.Build.0 = Debug|Any CPU
		{C58ED06E-FD36-4026-8789-3F7179EDA5D6}.Release|Any CPU.ActiveCfg = Release|Any CPU
		{C58ED06E-FD36-4026-8789-3F7179EDA5D6}.Release|Any CPU.Build.0 = Release|Any CPU
	EndGlobalSection
	GlobalSection(SolutionProperties) = preSolution
		HideSolutionNode = FALSE
	EndGlobalSection
	GlobalSection(ExtensibilityGlobals) = postSolution
		SolutionGuid = {E210665C-320C-4C7D-8268-C6A8C2052F26}
	EndGlobalSection
EndGlobal
